// !$*UTF8*$!
{
	archiveVersion = 1;
	classes = {
	};
	objectVersion = 46;
	objects = {

/* Begin PBXBuildFile section */
		556C962217ECB77C001262B2 /* InfoPlist.strings in Resources */ = {isa = PBXBuildFile; fileRef = 556C962017ECB77C001262B2 /* InfoPlist.strings */; };
		556C962E17ECB77C001262B2 /* SenTestingKit.framework in Frameworks */ = {isa = PBXBuildFile; fileRef = 556C962D17ECB77C001262B2 /* SenTestingKit.framework */; };
		556C963217ECB77C001262B2 /* LabRAC.framework in Frameworks */ = {isa = PBXBuildFile; fileRef = 556C961417ECB77C001262B2 /* LabRAC.framework */; };
		556C963817ECB77C001262B2 /* InfoPlist.strings in Resources */ = {isa = PBXBuildFile; fileRef = 556C963617ECB77C001262B2 /* InfoPlist.strings */; };
		556C966517ECBC0E001262B2 /* ReactiveCocoa.framework in Frameworks */ = {isa = PBXBuildFile; fileRef = 556C965A17ECBBED001262B2 /* ReactiveCocoa.framework */; };
		556C966917ECBD1C001262B2 /* LabRAC.h in Headers */ = {isa = PBXBuildFile; fileRef = 556C962417ECB77C001262B2 /* LabRAC.h */; settings = {ATTRIBUTES = (Public, ); }; };
		556C966C17ECBD54001262B2 /* RACSignal+LabExtensions.h in Headers */ = {isa = PBXBuildFile; fileRef = 556C966A17ECBD54001262B2 /* RACSignal+LabExtensions.h */; settings = {ATTRIBUTES = (Public, ); }; };
		556C966D17ECBD54001262B2 /* RACSignal+LabExtensions.m in Sources */ = {isa = PBXBuildFile; fileRef = 556C966B17ECBD54001262B2 /* RACSignal+LabExtensions.m */; };
		556C96AF17ECC78E001262B2 /* libSpecta.a in Frameworks */ = {isa = PBXBuildFile; fileRef = 556C96AE17ECC78E001262B2 /* libSpecta.a */; };
		556C96B217ECC971001262B2 /* RACSignalLabExtensionsSpec.m in Sources */ = {isa = PBXBuildFile; fileRef = 556C96B117ECC971001262B2 /* RACSignalLabExtensionsSpec.m */; };
		556C96B717ECCB6B001262B2 /* libExpecta.a in Frameworks */ = {isa = PBXBuildFile; fileRef = 556C96B617ECCB6B001262B2 /* libExpecta.a */; };
		556C96BD17ECCF45001262B2 /* ReactiveCocoa.framework in Frameworks */ = {isa = PBXBuildFile; fileRef = 556C965A17ECBBED001262B2 /* ReactiveCocoa.framework */; };
		556C96C617ECD89C001262B2 /* Foundation.framework in Frameworks */ = {isa = PBXBuildFile; fileRef = 556C961C17ECB77C001262B2 /* Foundation.framework */; };
		556C96C717ECD8B3001262B2 /* Foundation.framework in Frameworks */ = {isa = PBXBuildFile; fileRef = 556C961C17ECB77C001262B2 /* Foundation.framework */; };
		556C96DF17ECDD41001262B2 /* Foundation.framework in Frameworks */ = {isa = PBXBuildFile; fileRef = 556C96DE17ECDD41001262B2 /* Foundation.framework */; };
		556C96ED17ECDD41001262B2 /* SenTestingKit.framework in Frameworks */ = {isa = PBXBuildFile; fileRef = 556C962D17ECB77C001262B2 /* SenTestingKit.framework */; };
		556C96EF17ECDD42001262B2 /* UIKit.framework in Frameworks */ = {isa = PBXBuildFile; fileRef = 556C96EE17ECDD41001262B2 /* UIKit.framework */; };
		556C96F017ECDD42001262B2 /* Foundation.framework in Frameworks */ = {isa = PBXBuildFile; fileRef = 556C96DE17ECDD41001262B2 /* Foundation.framework */; };
		556C96F317ECDD42001262B2 /* libLabRAC-iOS.a in Frameworks */ = {isa = PBXBuildFile; fileRef = 556C96DD17ECDD41001262B2 /* libLabRAC-iOS.a */; };
		556C970717ECE08F001262B2 /* RACSignal+LabExtensions.m in Sources */ = {isa = PBXBuildFile; fileRef = 556C966B17ECBD54001262B2 /* RACSignal+LabExtensions.m */; };
		556C970917ECE110001262B2 /* RACSignal+LabExtensions.h in Headers */ = {isa = PBXBuildFile; fileRef = 556C966A17ECBD54001262B2 /* RACSignal+LabExtensions.h */; settings = {ATTRIBUTES = (Public, ); }; };
		556C970A17ECE115001262B2 /* LabRAC.h in Headers */ = {isa = PBXBuildFile; fileRef = 556C962417ECB77C001262B2 /* LabRAC.h */; settings = {ATTRIBUTES = (Public, ); }; };
		556C970B17ECE135001262B2 /* libReactiveCocoa-iOS.a in Frameworks */ = {isa = PBXBuildFile; fileRef = 556C965C17ECBBED001262B2 /* libReactiveCocoa-iOS.a */; };
		556C970D17ECE206001262B2 /* libSpecta-iOS.a in Frameworks */ = {isa = PBXBuildFile; fileRef = 556C970C17ECE206001262B2 /* libSpecta-iOS.a */; };
		556C970F17ECE20D001262B2 /* libExpecta-iOS.a in Frameworks */ = {isa = PBXBuildFile; fileRef = 556C970E17ECE20D001262B2 /* libExpecta-iOS.a */; };
		556C971017ECE221001262B2 /* RACSignalLabExtensionsSpec.m in Sources */ = {isa = PBXBuildFile; fileRef = 556C96B117ECC971001262B2 /* RACSignalLabExtensionsSpec.m */; };
/* End PBXBuildFile section */

/* Begin PBXContainerItemProxy section */
		556C963017ECB77C001262B2 /* PBXContainerItemProxy */ = {
			isa = PBXContainerItemProxy;
			containerPortal = 556C960B17ECB77C001262B2 /* Project object */;
			proxyType = 1;
			remoteGlobalIDString = 556C961317ECB77C001262B2;
			remoteInfo = LabRAC;
		};
		556C965917ECBBED001262B2 /* PBXContainerItemProxy */ = {
			isa = PBXContainerItemProxy;
			containerPortal = 556C964E17ECBBEC001262B2 /* ReactiveCocoa.xcodeproj */;
			proxyType = 2;
			remoteGlobalIDString = 88037F8315056328001A5B19;
			remoteInfo = ReactiveCocoa;
		};
		556C965B17ECBBED001262B2 /* PBXContainerItemProxy */ = {
			isa = PBXContainerItemProxy;
			containerPortal = 556C964E17ECBBEC001262B2 /* ReactiveCocoa.xcodeproj */;
			proxyType = 2;
			remoteGlobalIDString = 88F440AB153DAC820097B4C3;
			remoteInfo = "ReactiveCocoa-iOS";
		};
		556C965D17ECBBED001262B2 /* PBXContainerItemProxy */ = {
			isa = PBXContainerItemProxy;
			containerPortal = 556C964E17ECBBEC001262B2 /* ReactiveCocoa.xcodeproj */;
			proxyType = 2;
			remoteGlobalIDString = 88CDF7DC15000FCF00163A9F;
			remoteInfo = ReactiveCocoaTests;
		};
		556C965F17ECBBED001262B2 /* PBXContainerItemProxy */ = {
			isa = PBXContainerItemProxy;
			containerPortal = 556C964E17ECBBEC001262B2 /* ReactiveCocoa.xcodeproj */;
			proxyType = 2;
			remoteGlobalIDString = 5FAF5223174D4C2000CAC810;
			remoteInfo = "ReactiveCocoaTests-iOS";
		};
		556C966117ECBBED001262B2 /* PBXContainerItemProxy */ = {
			isa = PBXContainerItemProxy;
			containerPortal = 556C964E17ECBBEC001262B2 /* ReactiveCocoa.xcodeproj */;
			proxyType = 2;
			remoteGlobalIDString = 1860F412177C91B500C7B3C9;
			remoteInfo = "ReactiveCocoa-iOS-UIKitTestHost";
		};
		556C966317ECBBED001262B2 /* PBXContainerItemProxy */ = {
			isa = PBXContainerItemProxy;
			containerPortal = 556C964E17ECBBEC001262B2 /* ReactiveCocoa.xcodeproj */;
			proxyType = 2;
			remoteGlobalIDString = 1860F430177C91B500C7B3C9;
			remoteInfo = "ReactiveCocoa-iOS-UIKitTestHostTests";
		};
		556C966717ECBCB0001262B2 /* PBXContainerItemProxy */ = {
			isa = PBXContainerItemProxy;
			containerPortal = 556C964E17ECBBEC001262B2 /* ReactiveCocoa.xcodeproj */;
			proxyType = 1;
			remoteGlobalIDString = 88037F8215056328001A5B19;
			remoteInfo = ReactiveCocoa;
		};
		556C96F117ECDD42001262B2 /* PBXContainerItemProxy */ = {
			isa = PBXContainerItemProxy;
			containerPortal = 556C960B17ECB77C001262B2 /* Project object */;
			proxyType = 1;
			remoteGlobalIDString = 556C96DC17ECDD41001262B2;
			remoteInfo = "LabRAC iOS";
		};
/* End PBXContainerItemProxy section */

/* Begin PBXCopyFilesBuildPhase section */
		556C96DB17ECDD41001262B2 /* CopyFiles */ = {
			isa = PBXCopyFilesBuildPhase;
			buildActionMask = 2147483647;
			dstPath = "include/${PRODUCT_NAME}";
			dstSubfolderSpec = 16;
			files = (
			);
			runOnlyForDeploymentPostprocessing = 0;
		};
/* End PBXCopyFilesBuildPhase section */

/* Begin PBXFileReference section */
		556C961417ECB77C001262B2 /* LabRAC.framework */ = {isa = PBXFileReference; explicitFileType = wrapper.framework; includeInIndex = 0; path = LabRAC.framework; sourceTree = BUILT_PRODUCTS_DIR; };
		556C961717ECB77C001262B2 /* Cocoa.framework */ = {isa = PBXFileReference; lastKnownFileType = wrapper.framework; name = Cocoa.framework; path = System/Library/Frameworks/Cocoa.framework; sourceTree = SDKROOT; };
		556C961A17ECB77C001262B2 /* AppKit.framework */ = {isa = PBXFileReference; lastKnownFileType = wrapper.framework; name = AppKit.framework; path = System/Library/Frameworks/AppKit.framework; sourceTree = SDKROOT; };
		556C961B17ECB77C001262B2 /* CoreData.framework */ = {isa = PBXFileReference; lastKnownFileType = wrapper.framework; name = CoreData.framework; path = System/Library/Frameworks/CoreData.framework; sourceTree = SDKROOT; };
		556C961C17ECB77C001262B2 /* Foundation.framework */ = {isa = PBXFileReference; lastKnownFileType = wrapper.framework; name = Foundation.framework; path = System/Library/Frameworks/Foundation.framework; sourceTree = SDKROOT; };
		556C961F17ECB77C001262B2 /* LabRAC-Info.plist */ = {isa = PBXFileReference; lastKnownFileType = text.plist.xml; path = "LabRAC-Info.plist"; sourceTree = "<group>"; };
		556C962117ECB77C001262B2 /* en */ = {isa = PBXFileReference; lastKnownFileType = text.plist.strings; name = en; path = en.lproj/InfoPlist.strings; sourceTree = "<group>"; };
		556C962317ECB77C001262B2 /* LabRAC-Prefix.pch */ = {isa = PBXFileReference; lastKnownFileType = sourcecode.c.h; path = "LabRAC-Prefix.pch"; sourceTree = "<group>"; };
		556C962417ECB77C001262B2 /* LabRAC.h */ = {isa = PBXFileReference; lastKnownFileType = sourcecode.c.h; path = LabRAC.h; sourceTree = "<group>"; };
		556C962C17ECB77C001262B2 /* LabRAC Mac Tests.octest */ = {isa = PBXFileReference; explicitFileType = wrapper.cfbundle; includeInIndex = 0; path = "LabRAC Mac Tests.octest"; sourceTree = BUILT_PRODUCTS_DIR; };
		556C962D17ECB77C001262B2 /* SenTestingKit.framework */ = {isa = PBXFileReference; lastKnownFileType = wrapper.framework; name = SenTestingKit.framework; path = Library/Frameworks/SenTestingKit.framework; sourceTree = DEVELOPER_DIR; };
		556C963517ECB77C001262B2 /* LabRACTests-Info.plist */ = {isa = PBXFileReference; lastKnownFileType = text.plist.xml; path = "LabRACTests-Info.plist"; sourceTree = "<group>"; };
		556C963717ECB77C001262B2 /* en */ = {isa = PBXFileReference; lastKnownFileType = text.plist.strings; name = en; path = en.lproj/InfoPlist.strings; sourceTree = "<group>"; };
		556C964E17ECBBEC001262B2 /* ReactiveCocoa.xcodeproj */ = {isa = PBXFileReference; lastKnownFileType = "wrapper.pb-project"; name = ReactiveCocoa.xcodeproj; path = External/ReactiveCocoa/ReactiveCocoaFramework/ReactiveCocoa.xcodeproj; sourceTree = SOURCE_ROOT; };
		556C966A17ECBD54001262B2 /* RACSignal+LabExtensions.h */ = {isa = PBXFileReference; fileEncoding = 4; lastKnownFileType = sourcecode.c.h; path = "RACSignal+LabExtensions.h"; sourceTree = "<group>"; };
		556C966B17ECBD54001262B2 /* RACSignal+LabExtensions.m */ = {isa = PBXFileReference; fileEncoding = 4; lastKnownFileType = sourcecode.c.objc; path = "RACSignal+LabExtensions.m"; sourceTree = "<group>"; };
		556C969217ECC2CF001262B2 /* Common.xcconfig */ = {isa = PBXFileReference; lastKnownFileType = text.xcconfig; path = Common.xcconfig; sourceTree = "<group>"; };
		556C969417ECC2CF001262B2 /* Debug.xcconfig */ = {isa = PBXFileReference; lastKnownFileType = text.xcconfig; path = Debug.xcconfig; sourceTree = "<group>"; };
		556C969517ECC2CF001262B2 /* Profile.xcconfig */ = {isa = PBXFileReference; lastKnownFileType = text.xcconfig; path = Profile.xcconfig; sourceTree = "<group>"; };
		556C969617ECC2CF001262B2 /* Release.xcconfig */ = {isa = PBXFileReference; lastKnownFileType = text.xcconfig; path = Release.xcconfig; sourceTree = "<group>"; };
		556C969717ECC2CF001262B2 /* Test.xcconfig */ = {isa = PBXFileReference; lastKnownFileType = text.xcconfig; path = Test.xcconfig; sourceTree = "<group>"; };
		556C969917ECC2CF001262B2 /* Application.xcconfig */ = {isa = PBXFileReference; lastKnownFileType = text.xcconfig; path = Application.xcconfig; sourceTree = "<group>"; };
		556C969A17ECC2CF001262B2 /* StaticLibrary.xcconfig */ = {isa = PBXFileReference; lastKnownFileType = text.xcconfig; path = StaticLibrary.xcconfig; sourceTree = "<group>"; };
		556C969C17ECC2CF001262B2 /* iOS-Application.xcconfig */ = {isa = PBXFileReference; lastKnownFileType = text.xcconfig; path = "iOS-Application.xcconfig"; sourceTree = "<group>"; };
		556C969D17ECC2CF001262B2 /* iOS-Base.xcconfig */ = {isa = PBXFileReference; lastKnownFileType = text.xcconfig; path = "iOS-Base.xcconfig"; sourceTree = "<group>"; };
		556C969E17ECC2CF001262B2 /* iOS-StaticLibrary.xcconfig */ = {isa = PBXFileReference; lastKnownFileType = text.xcconfig; path = "iOS-StaticLibrary.xcconfig"; sourceTree = "<group>"; };
		556C96A017ECC2CF001262B2 /* Mac-Application.xcconfig */ = {isa = PBXFileReference; lastKnownFileType = text.xcconfig; path = "Mac-Application.xcconfig"; sourceTree = "<group>"; };
		556C96A117ECC2CF001262B2 /* Mac-Base.xcconfig */ = {isa = PBXFileReference; lastKnownFileType = text.xcconfig; path = "Mac-Base.xcconfig"; sourceTree = "<group>"; };
		556C96A217ECC2CF001262B2 /* Mac-DynamicLibrary.xcconfig */ = {isa = PBXFileReference; lastKnownFileType = text.xcconfig; path = "Mac-DynamicLibrary.xcconfig"; sourceTree = "<group>"; };
		556C96A317ECC2CF001262B2 /* Mac-Framework.xcconfig */ = {isa = PBXFileReference; lastKnownFileType = text.xcconfig; path = "Mac-Framework.xcconfig"; sourceTree = "<group>"; };
		556C96A417ECC2CF001262B2 /* Mac-StaticLibrary.xcconfig */ = {isa = PBXFileReference; lastKnownFileType = text.xcconfig; path = "Mac-StaticLibrary.xcconfig"; sourceTree = "<group>"; };
		556C96A517ECC2CF001262B2 /* README.md */ = {isa = PBXFileReference; lastKnownFileType = text; path = README.md; sourceTree = "<group>"; };
		556C96AE17ECC78E001262B2 /* libSpecta.a */ = {isa = PBXFileReference; lastKnownFileType = archive.ar; name = libSpecta.a; path = ../External/ReactiveCocoa/external/specta/build/Release/libSpecta.a; sourceTree = "<group>"; };
		556C96B117ECC971001262B2 /* RACSignalLabExtensionsSpec.m */ = {isa = PBXFileReference; fileEncoding = 4; lastKnownFileType = sourcecode.c.objc; path = RACSignalLabExtensionsSpec.m; sourceTree = "<group>"; };
		556C96B617ECCB6B001262B2 /* libExpecta.a */ = {isa = PBXFileReference; lastKnownFileType = archive.ar; name = libExpecta.a; path = ../External/ReactiveCocoa/external/expecta/build/Release/libExpecta.a; sourceTree = "<group>"; };
		556C96DD17ECDD41001262B2 /* libLabRAC-iOS.a */ = {isa = PBXFileReference; explicitFileType = archive.ar; includeInIndex = 0; path = "libLabRAC-iOS.a"; sourceTree = BUILT_PRODUCTS_DIR; };
		556C96DE17ECDD41001262B2 /* Foundation.framework */ = {isa = PBXFileReference; lastKnownFileType = wrapper.framework; name = Foundation.framework; path = System/Library/Frameworks/Foundation.framework; sourceTree = SDKROOT; };
		556C96EC17ECDD41001262B2 /* LabRAC iOS Tests.octest */ = {isa = PBXFileReference; explicitFileType = wrapper.cfbundle; includeInIndex = 0; path = "LabRAC iOS Tests.octest"; sourceTree = BUILT_PRODUCTS_DIR; };
		556C96EE17ECDD41001262B2 /* UIKit.framework */ = {isa = PBXFileReference; lastKnownFileType = wrapper.framework; name = UIKit.framework; path = Library/Frameworks/UIKit.framework; sourceTree = DEVELOPER_DIR; };
		556C970C17ECE206001262B2 /* libSpecta-iOS.a */ = {isa = PBXFileReference; lastKnownFileType = archive.ar; name = "libSpecta-iOS.a"; path = "../External/ReactiveCocoa/external/specta/build/Release-iphoneos/libSpecta-iOS.a"; sourceTree = "<group>"; };
		556C970E17ECE20D001262B2 /* libExpecta-iOS.a */ = {isa = PBXFileReference; lastKnownFileType = archive.ar; name = "libExpecta-iOS.a"; path = "../External/ReactiveCocoa/external/expecta/build/Release-iphoneos/libExpecta-iOS.a"; sourceTree = "<group>"; };
/* End PBXFileReference section */

/* Begin PBXFrameworksBuildPhase section */
		556C961017ECB77C001262B2 /* Frameworks */ = {
			isa = PBXFrameworksBuildPhase;
			buildActionMask = 2147483647;
			files = (
				556C96C617ECD89C001262B2 /* Foundation.framework in Frameworks */,
				556C966517ECBC0E001262B2 /* ReactiveCocoa.framework in Frameworks */,
			);
			runOnlyForDeploymentPostprocessing = 0;
		};
		556C962817ECB77C001262B2 /* Frameworks */ = {
			isa = PBXFrameworksBuildPhase;
			buildActionMask = 2147483647;
			files = (
				556C96C717ECD8B3001262B2 /* Foundation.framework in Frameworks */,
				556C96BD17ECCF45001262B2 /* ReactiveCocoa.framework in Frameworks */,
				556C96B717ECCB6B001262B2 /* libExpecta.a in Frameworks */,
				556C96AF17ECC78E001262B2 /* libSpecta.a in Frameworks */,
				556C962E17ECB77C001262B2 /* SenTestingKit.framework in Frameworks */,
				556C963217ECB77C001262B2 /* LabRAC.framework in Frameworks */,
			);
			runOnlyForDeploymentPostprocessing = 0;
		};
		556C96DA17ECDD41001262B2 /* Frameworks */ = {
			isa = PBXFrameworksBuildPhase;
			buildActionMask = 2147483647;
			files = (
				556C970B17ECE135001262B2 /* libReactiveCocoa-iOS.a in Frameworks */,
				556C96DF17ECDD41001262B2 /* Foundation.framework in Frameworks */,
			);
			runOnlyForDeploymentPostprocessing = 0;
		};
		556C96E817ECDD41001262B2 /* Frameworks */ = {
			isa = PBXFrameworksBuildPhase;
			buildActionMask = 2147483647;
			files = (
				556C970F17ECE20D001262B2 /* libExpecta-iOS.a in Frameworks */,
				556C970D17ECE206001262B2 /* libSpecta-iOS.a in Frameworks */,
				556C96ED17ECDD41001262B2 /* SenTestingKit.framework in Frameworks */,
				556C96EF17ECDD42001262B2 /* UIKit.framework in Frameworks */,
				556C96F017ECDD42001262B2 /* Foundation.framework in Frameworks */,
				556C96F317ECDD42001262B2 /* libLabRAC-iOS.a in Frameworks */,
			);
			runOnlyForDeploymentPostprocessing = 0;
		};
/* End PBXFrameworksBuildPhase section */

/* Begin PBXGroup section */
		556C960A17ECB77C001262B2 = {
			isa = PBXGroup;
			children = (
				556C961D17ECB77C001262B2 /* LabRAC */,
				556C963317ECB77C001262B2 /* LabRACTests */,
				556C961617ECB77C001262B2 /* Frameworks */,
				556C969017ECC2CF001262B2 /* Configuration */,
				556C961517ECB77C001262B2 /* Products */,
			);
			sourceTree = "<group>";
			usesTabs = 1;
		};
		556C961517ECB77C001262B2 /* Products */ = {
			isa = PBXGroup;
			children = (
				556C961417ECB77C001262B2 /* LabRAC.framework */,
				556C962C17ECB77C001262B2 /* LabRAC Mac Tests.octest */,
				556C96DD17ECDD41001262B2 /* libLabRAC-iOS.a */,
				556C96EC17ECDD41001262B2 /* LabRAC iOS Tests.octest */,
			);
			name = Products;
			sourceTree = "<group>";
		};
		556C961617ECB77C001262B2 /* Frameworks */ = {
			isa = PBXGroup;
			children = (
				556C964E17ECBBEC001262B2 /* ReactiveCocoa.xcodeproj */,
				556C961717ECB77C001262B2 /* Cocoa.framework */,
				556C962D17ECB77C001262B2 /* SenTestingKit.framework */,
				556C96DE17ECDD41001262B2 /* Foundation.framework */,
				556C96EE17ECDD41001262B2 /* UIKit.framework */,
				556C961917ECB77C001262B2 /* Other Frameworks */,
			);
			name = Frameworks;
			sourceTree = "<group>";
		};
		556C961917ECB77C001262B2 /* Other Frameworks */ = {
			isa = PBXGroup;
			children = (
				556C961A17ECB77C001262B2 /* AppKit.framework */,
				556C961B17ECB77C001262B2 /* CoreData.framework */,
				556C961C17ECB77C001262B2 /* Foundation.framework */,
			);
			name = "Other Frameworks";
			sourceTree = "<group>";
		};
		556C961D17ECB77C001262B2 /* LabRAC */ = {
			isa = PBXGroup;
			children = (
				556C962417ECB77C001262B2 /* LabRAC.h */,
				556C966A17ECBD54001262B2 /* RACSignal+LabExtensions.h */,
				556C966B17ECBD54001262B2 /* RACSignal+LabExtensions.m */,
				556C961E17ECB77C001262B2 /* Supporting Files */,
			);
			path = LabRAC;
			sourceTree = "<group>";
		};
		556C961E17ECB77C001262B2 /* Supporting Files */ = {
			isa = PBXGroup;
			children = (
				556C961F17ECB77C001262B2 /* LabRAC-Info.plist */,
				556C962017ECB77C001262B2 /* InfoPlist.strings */,
				556C962317ECB77C001262B2 /* LabRAC-Prefix.pch */,
			);
			name = "Supporting Files";
			sourceTree = "<group>";
		};
		556C963317ECB77C001262B2 /* LabRACTests */ = {
			isa = PBXGroup;
			children = (
				556C96B117ECC971001262B2 /* RACSignalLabExtensionsSpec.m */,
				556C963417ECB77C001262B2 /* Supporting Files */,
			);
			path = LabRACTests;
			sourceTree = "<group>";
		};
		556C963417ECB77C001262B2 /* Supporting Files */ = {
			isa = PBXGroup;
			children = (
				556C96B617ECCB6B001262B2 /* libExpecta.a */,
				556C96AE17ECC78E001262B2 /* libSpecta.a */,
				556C970E17ECE20D001262B2 /* libExpecta-iOS.a */,
				556C970C17ECE206001262B2 /* libSpecta-iOS.a */,
				556C963517ECB77C001262B2 /* LabRACTests-Info.plist */,
				556C963617ECB77C001262B2 /* InfoPlist.strings */,
			);
			name = "Supporting Files";
			sourceTree = "<group>";
		};
		556C964F17ECBBEC001262B2 /* Products */ = {
			isa = PBXGroup;
			children = (
				556C965A17ECBBED001262B2 /* ReactiveCocoa.framework */,
				556C965C17ECBBED001262B2 /* libReactiveCocoa-iOS.a */,
				556C965E17ECBBED001262B2 /* ReactiveCocoaTests.octest */,
				556C966017ECBBED001262B2 /* ReactiveCocoaTests-iOS.octest */,
				556C966217ECBBED001262B2 /* ReactiveCocoa-iOS-UIKitTestHost.app */,
				556C966417ECBBED001262B2 /* ReactiveCocoa-iOS-UIKitTestHostTests.octest */,
			);
			name = Products;
			sourceTree = "<group>";
		};
		556C969017ECC2CF001262B2 /* Configuration */ = {
			isa = PBXGroup;
			children = (
				556C969117ECC2CF001262B2 /* Base */,
				556C969B17ECC2CF001262B2 /* iOS */,
				556C969F17ECC2CF001262B2 /* Mac OS X */,
				556C96A517ECC2CF001262B2 /* README.md */,
			);
			name = Configuration;
			path = External/ReactiveCocoa/external/xcconfigs;
			sourceTree = "<group>";
		};
		556C969117ECC2CF001262B2 /* Base */ = {
			isa = PBXGroup;
			children = (
				556C969217ECC2CF001262B2 /* Common.xcconfig */,
				556C969317ECC2CF001262B2 /* Configurations */,
				556C969817ECC2CF001262B2 /* Targets */,
			);
			path = Base;
			sourceTree = "<group>";
		};
		556C969317ECC2CF001262B2 /* Configurations */ = {
			isa = PBXGroup;
			children = (
				556C969417ECC2CF001262B2 /* Debug.xcconfig */,
				556C969517ECC2CF001262B2 /* Profile.xcconfig */,
				556C969617ECC2CF001262B2 /* Release.xcconfig */,
				556C969717ECC2CF001262B2 /* Test.xcconfig */,
			);
			path = Configurations;
			sourceTree = "<group>";
		};
		556C969817ECC2CF001262B2 /* Targets */ = {
			isa = PBXGroup;
			children = (
				556C969917ECC2CF001262B2 /* Application.xcconfig */,
				556C969A17ECC2CF001262B2 /* StaticLibrary.xcconfig */,
			);
			path = Targets;
			sourceTree = "<group>";
		};
		556C969B17ECC2CF001262B2 /* iOS */ = {
			isa = PBXGroup;
			children = (
				556C969C17ECC2CF001262B2 /* iOS-Application.xcconfig */,
				556C969D17ECC2CF001262B2 /* iOS-Base.xcconfig */,
				556C969E17ECC2CF001262B2 /* iOS-StaticLibrary.xcconfig */,
			);
			path = iOS;
			sourceTree = "<group>";
		};
		556C969F17ECC2CF001262B2 /* Mac OS X */ = {
			isa = PBXGroup;
			children = (
				556C96A017ECC2CF001262B2 /* Mac-Application.xcconfig */,
				556C96A117ECC2CF001262B2 /* Mac-Base.xcconfig */,
				556C96A217ECC2CF001262B2 /* Mac-DynamicLibrary.xcconfig */,
				556C96A317ECC2CF001262B2 /* Mac-Framework.xcconfig */,
				556C96A417ECC2CF001262B2 /* Mac-StaticLibrary.xcconfig */,
			);
			path = "Mac OS X";
			sourceTree = "<group>";
		};
/* End PBXGroup section */

/* Begin PBXHeadersBuildPhase section */
		556C961117ECB77C001262B2 /* Headers */ = {
			isa = PBXHeadersBuildPhase;
			buildActionMask = 2147483647;
			files = (
				556C966917ECBD1C001262B2 /* LabRAC.h in Headers */,
				556C966C17ECBD54001262B2 /* RACSignal+LabExtensions.h in Headers */,
			);
			runOnlyForDeploymentPostprocessing = 0;
		};
		556C970817ECE10A001262B2 /* Headers */ = {
			isa = PBXHeadersBuildPhase;
			buildActionMask = 2147483647;
			files = (
				556C970917ECE110001262B2 /* RACSignal+LabExtensions.h in Headers */,
				556C970A17ECE115001262B2 /* LabRAC.h in Headers */,
			);
			runOnlyForDeploymentPostprocessing = 0;
		};
/* End PBXHeadersBuildPhase section */

/* Begin PBXNativeTarget section */
		556C961317ECB77C001262B2 /* LabRAC Mac */ = {
			isa = PBXNativeTarget;
			buildConfigurationList = 556C963E17ECB77C001262B2 /* Build configuration list for PBXNativeTarget "LabRAC Mac" */;
			buildPhases = (
				556C960F17ECB77C001262B2 /* Sources */,
				556C961017ECB77C001262B2 /* Frameworks */,
				556C961117ECB77C001262B2 /* Headers */,
				556C961217ECB77C001262B2 /* Resources */,
			);
			buildRules = (
			);
			dependencies = (
				556C966817ECBCB0001262B2 /* PBXTargetDependency */,
			);
			name = "LabRAC Mac";
			productName = LabRAC;
			productReference = 556C961417ECB77C001262B2 /* LabRAC.framework */;
			productType = "com.apple.product-type.framework";
		};
		556C962B17ECB77C001262B2 /* LabRAC Mac Tests */ = {
			isa = PBXNativeTarget;
			buildConfigurationList = 556C964117ECB77C001262B2 /* Build configuration list for PBXNativeTarget "LabRAC Mac Tests" */;
			buildPhases = (
				556C962717ECB77C001262B2 /* Sources */,
				556C962817ECB77C001262B2 /* Frameworks */,
				556C962917ECB77C001262B2 /* Resources */,
				556C962A17ECB77C001262B2 /* ShellScript */,
			);
			buildRules = (
			);
			dependencies = (
				556C963117ECB77C001262B2 /* PBXTargetDependency */,
			);
			name = "LabRAC Mac Tests";
			productName = LabRACTests;
			productReference = 556C962C17ECB77C001262B2 /* LabRAC Mac Tests.octest */;
			productType = "com.apple.product-type.bundle";
		};
		556C96DC17ECDD41001262B2 /* LabRAC iOS */ = {
			isa = PBXNativeTarget;
			buildConfigurationList = 556C96FD17ECDD42001262B2 /* Build configuration list for PBXNativeTarget "LabRAC iOS" */;
			buildPhases = (
				556C96D917ECDD41001262B2 /* Sources */,
				556C96DA17ECDD41001262B2 /* Frameworks */,
				556C96DB17ECDD41001262B2 /* CopyFiles */,
				556C970817ECE10A001262B2 /* Headers */,
			);
			buildRules = (
			);
			dependencies = (
			);
			name = "LabRAC iOS";
			productName = "LabRAC iOS";
			productReference = 556C96DD17ECDD41001262B2 /* libLabRAC-iOS.a */;
			productType = "com.apple.product-type.library.static";
		};
		556C96EB17ECDD41001262B2 /* LabRAC iOS Tests */ = {
			isa = PBXNativeTarget;
			buildConfigurationList = 556C970217ECDD42001262B2 /* Build configuration list for PBXNativeTarget "LabRAC iOS Tests" */;
			buildPhases = (
				556C96E717ECDD41001262B2 /* Sources */,
				556C96E817ECDD41001262B2 /* Frameworks */,
				556C96E917ECDD41001262B2 /* Resources */,
				556C96EA17ECDD41001262B2 /* ShellScript */,
			);
			buildRules = (
			);
			dependencies = (
				556C96F217ECDD42001262B2 /* PBXTargetDependency */,
			);
			name = "LabRAC iOS Tests";
			productName = "LabRAC iOSTests";
			productReference = 556C96EC17ECDD41001262B2 /* LabRAC iOS Tests.octest */;
			productType = "com.apple.product-type.bundle";
		};
/* End PBXNativeTarget section */

/* Begin PBXProject section */
		556C960B17ECB77C001262B2 /* Project object */ = {
			isa = PBXProject;
			attributes = {
				LastUpgradeCheck = 0460;
				ORGANIZATIONNAME = "Dave Lee";
			};
			buildConfigurationList = 556C960E17ECB77C001262B2 /* Build configuration list for PBXProject "LabRAC" */;
			compatibilityVersion = "Xcode 3.2";
			developmentRegion = English;
			hasScannedForEncodings = 0;
			knownRegions = (
				en,
			);
			mainGroup = 556C960A17ECB77C001262B2;
			productRefGroup = 556C961517ECB77C001262B2 /* Products */;
			projectDirPath = "";
			projectReferences = (
				{
					ProductGroup = 556C964F17ECBBEC001262B2 /* Products */;
					ProjectRef = 556C964E17ECBBEC001262B2 /* ReactiveCocoa.xcodeproj */;
				},
			);
			projectRoot = "";
			targets = (
				556C961317ECB77C001262B2 /* LabRAC Mac */,
				556C962B17ECB77C001262B2 /* LabRAC Mac Tests */,
				556C96DC17ECDD41001262B2 /* LabRAC iOS */,
				556C96EB17ECDD41001262B2 /* LabRAC iOS Tests */,
			);
		};
/* End PBXProject section */

/* Begin PBXReferenceProxy section */
		556C965A17ECBBED001262B2 /* ReactiveCocoa.framework */ = {
			isa = PBXReferenceProxy;
			fileType = wrapper.framework;
			path = ReactiveCocoa.framework;
			remoteRef = 556C965917ECBBED001262B2 /* PBXContainerItemProxy */;
			sourceTree = BUILT_PRODUCTS_DIR;
		};
		556C965C17ECBBED001262B2 /* libReactiveCocoa-iOS.a */ = {
			isa = PBXReferenceProxy;
			fileType = archive.ar;
			path = "libReactiveCocoa-iOS.a";
			remoteRef = 556C965B17ECBBED001262B2 /* PBXContainerItemProxy */;
			sourceTree = BUILT_PRODUCTS_DIR;
		};
		556C965E17ECBBED001262B2 /* ReactiveCocoaTests.octest */ = {
			isa = PBXReferenceProxy;
			fileType = wrapper.cfbundle;
			path = ReactiveCocoaTests.octest;
			remoteRef = 556C965D17ECBBED001262B2 /* PBXContainerItemProxy */;
			sourceTree = BUILT_PRODUCTS_DIR;
		};
		556C966017ECBBED001262B2 /* ReactiveCocoaTests-iOS.octest */ = {
			isa = PBXReferenceProxy;
			fileType = wrapper.cfbundle;
			path = "ReactiveCocoaTests-iOS.octest";
			remoteRef = 556C965F17ECBBED001262B2 /* PBXContainerItemProxy */;
			sourceTree = BUILT_PRODUCTS_DIR;
		};
		556C966217ECBBED001262B2 /* ReactiveCocoa-iOS-UIKitTestHost.app */ = {
			isa = PBXReferenceProxy;
			fileType = wrapper.application;
			path = "ReactiveCocoa-iOS-UIKitTestHost.app";
			remoteRef = 556C966117ECBBED001262B2 /* PBXContainerItemProxy */;
			sourceTree = BUILT_PRODUCTS_DIR;
		};
		556C966417ECBBED001262B2 /* ReactiveCocoa-iOS-UIKitTestHostTests.octest */ = {
			isa = PBXReferenceProxy;
			fileType = wrapper.cfbundle;
			path = "ReactiveCocoa-iOS-UIKitTestHostTests.octest";
			remoteRef = 556C966317ECBBED001262B2 /* PBXContainerItemProxy */;
			sourceTree = BUILT_PRODUCTS_DIR;
		};
/* End PBXReferenceProxy section */

/* Begin PBXResourcesBuildPhase section */
		556C961217ECB77C001262B2 /* Resources */ = {
			isa = PBXResourcesBuildPhase;
			buildActionMask = 2147483647;
			files = (
				556C962217ECB77C001262B2 /* InfoPlist.strings in Resources */,
			);
			runOnlyForDeploymentPostprocessing = 0;
		};
		556C962917ECB77C001262B2 /* Resources */ = {
			isa = PBXResourcesBuildPhase;
			buildActionMask = 2147483647;
			files = (
				556C963817ECB77C001262B2 /* InfoPlist.strings in Resources */,
			);
			runOnlyForDeploymentPostprocessing = 0;
		};
		556C96E917ECDD41001262B2 /* Resources */ = {
			isa = PBXResourcesBuildPhase;
			buildActionMask = 2147483647;
			files = (
			);
			runOnlyForDeploymentPostprocessing = 0;
		};
/* End PBXResourcesBuildPhase section */

/* Begin PBXShellScriptBuildPhase section */
		556C962A17ECB77C001262B2 /* ShellScript */ = {
			isa = PBXShellScriptBuildPhase;
			buildActionMask = 2147483647;
			files = (
			);
			inputPaths = (
			);
			outputPaths = (
			);
			runOnlyForDeploymentPostprocessing = 0;
			shellPath = /bin/sh;
			shellScript = "# Run the unit tests in this test bundle.\n\"${SYSTEM_DEVELOPER_DIR}/Tools/RunUnitTests\"\n";
		};
		556C96EA17ECDD41001262B2 /* ShellScript */ = {
			isa = PBXShellScriptBuildPhase;
			buildActionMask = 2147483647;
			files = (
			);
			inputPaths = (
			);
			outputPaths = (
			);
			runOnlyForDeploymentPostprocessing = 0;
			shellPath = /bin/sh;
			shellScript = "# Run the unit tests in this test bundle.\n\"${SYSTEM_DEVELOPER_DIR}/Tools/RunUnitTests\"\n";
		};
/* End PBXShellScriptBuildPhase section */

/* Begin PBXSourcesBuildPhase section */
		556C960F17ECB77C001262B2 /* Sources */ = {
			isa = PBXSourcesBuildPhase;
			buildActionMask = 2147483647;
			files = (
				556C966D17ECBD54001262B2 /* RACSignal+LabExtensions.m in Sources */,
			);
			runOnlyForDeploymentPostprocessing = 0;
		};
		556C962717ECB77C001262B2 /* Sources */ = {
			isa = PBXSourcesBuildPhase;
			buildActionMask = 2147483647;
			files = (
				556C96B217ECC971001262B2 /* RACSignalLabExtensionsSpec.m in Sources */,
			);
			runOnlyForDeploymentPostprocessing = 0;
		};
		556C96D917ECDD41001262B2 /* Sources */ = {
			isa = PBXSourcesBuildPhase;
			buildActionMask = 2147483647;
			files = (
				556C970717ECE08F001262B2 /* RACSignal+LabExtensions.m in Sources */,
			);
			runOnlyForDeploymentPostprocessing = 0;
		};
		556C96E717ECDD41001262B2 /* Sources */ = {
			isa = PBXSourcesBuildPhase;
			buildActionMask = 2147483647;
			files = (
				556C971017ECE221001262B2 /* RACSignalLabExtensionsSpec.m in Sources */,
			);
			runOnlyForDeploymentPostprocessing = 0;
		};
/* End PBXSourcesBuildPhase section */

/* Begin PBXTargetDependency section */
		556C963117ECB77C001262B2 /* PBXTargetDependency */ = {
			isa = PBXTargetDependency;
			target = 556C961317ECB77C001262B2 /* LabRAC Mac */;
			targetProxy = 556C963017ECB77C001262B2 /* PBXContainerItemProxy */;
		};
		556C966817ECBCB0001262B2 /* PBXTargetDependency */ = {
			isa = PBXTargetDependency;
			name = ReactiveCocoa;
			targetProxy = 556C966717ECBCB0001262B2 /* PBXContainerItemProxy */;
		};
		556C96F217ECDD42001262B2 /* PBXTargetDependency */ = {
			isa = PBXTargetDependency;
			target = 556C96DC17ECDD41001262B2 /* LabRAC iOS */;
			targetProxy = 556C96F117ECDD42001262B2 /* PBXContainerItemProxy */;
		};
/* End PBXTargetDependency section */

/* Begin PBXVariantGroup section */
		556C962017ECB77C001262B2 /* InfoPlist.strings */ = {
			isa = PBXVariantGroup;
			children = (
				556C962117ECB77C001262B2 /* en */,
			);
			name = InfoPlist.strings;
			sourceTree = "<group>";
		};
		556C963617ECB77C001262B2 /* InfoPlist.strings */ = {
			isa = PBXVariantGroup;
			children = (
				556C963717ECB77C001262B2 /* en */,
			);
			name = InfoPlist.strings;
			sourceTree = "<group>";
		};
/* End PBXVariantGroup section */

/* Begin XCBuildConfiguration section */
		556C963C17ECB77C001262B2 /* Debug */ = {
			isa = XCBuildConfiguration;
			baseConfigurationReference = 556C969417ECC2CF001262B2 /* Debug.xcconfig */;
			buildSettings = {
				ALWAYS_SEARCH_USER_PATHS = NO;
				ARCHS = "$(ARCHS_STANDARD_64_BIT)";
				CLANG_CXX_LANGUAGE_STANDARD = "gnu++0x";
				CLANG_CXX_LIBRARY = "libc++";
				CLANG_ENABLE_OBJC_ARC = YES;
				CLANG_WARN_CONSTANT_CONVERSION = YES;
				CLANG_WARN_EMPTY_BODY = YES;
				CLANG_WARN_ENUM_CONVERSION = YES;
				CLANG_WARN_INT_CONVERSION = YES;
				CLANG_WARN__DUPLICATE_METHOD_MATCH = YES;
				COPY_PHASE_STRIP = NO;
				GCC_C_LANGUAGE_STANDARD = gnu99;
				GCC_DYNAMIC_NO_PIC = NO;
				GCC_ENABLE_OBJC_EXCEPTIONS = YES;
				GCC_OPTIMIZATION_LEVEL = 0;
				GCC_PREFIX_HEADER = "LabRAC/LabRAC-Prefix.pch";
				GCC_PREPROCESSOR_DEFINITIONS = (
					"DEBUG=1",
					"$(inherited)",
				);
				GCC_SYMBOLS_PRIVATE_EXTERN = NO;
				GCC_WARN_64_TO_32_BIT_CONVERSION = YES;
				GCC_WARN_ABOUT_RETURN_TYPE = YES;
				GCC_WARN_UNINITIALIZED_AUTOS = YES;
				GCC_WARN_UNUSED_VARIABLE = YES;
				IPHONEOS_DEPLOYMENT_TARGET = 5.0;
				MACOSX_DEPLOYMENT_TARGET = 10.7;
				ONLY_ACTIVE_ARCH = YES;
				SDKROOT = macosx;
			};
			name = Debug;
		};
		556C963D17ECB77C001262B2 /* Release */ = {
			isa = XCBuildConfiguration;
			baseConfigurationReference = 556C969617ECC2CF001262B2 /* Release.xcconfig */;
			buildSettings = {
				ALWAYS_SEARCH_USER_PATHS = NO;
				ARCHS = "$(ARCHS_STANDARD_64_BIT)";
				CLANG_CXX_LANGUAGE_STANDARD = "gnu++0x";
				CLANG_CXX_LIBRARY = "libc++";
				CLANG_ENABLE_OBJC_ARC = YES;
				CLANG_WARN_CONSTANT_CONVERSION = YES;
				CLANG_WARN_EMPTY_BODY = YES;
				CLANG_WARN_ENUM_CONVERSION = YES;
				CLANG_WARN_INT_CONVERSION = YES;
				CLANG_WARN__DUPLICATE_METHOD_MATCH = YES;
				COPY_PHASE_STRIP = YES;
				DEBUG_INFORMATION_FORMAT = "dwarf-with-dsym";
				GCC_C_LANGUAGE_STANDARD = gnu99;
				GCC_ENABLE_OBJC_EXCEPTIONS = YES;
				GCC_PREFIX_HEADER = "LabRAC/LabRAC-Prefix.pch";
				GCC_WARN_64_TO_32_BIT_CONVERSION = YES;
				GCC_WARN_ABOUT_RETURN_TYPE = YES;
				GCC_WARN_UNINITIALIZED_AUTOS = YES;
				GCC_WARN_UNUSED_VARIABLE = YES;
				IPHONEOS_DEPLOYMENT_TARGET = 5.0;
				MACOSX_DEPLOYMENT_TARGET = 10.7;
				SDKROOT = macosx;
			};
			name = Release;
		};
		556C963F17ECB77C001262B2 /* Debug */ = {
			isa = XCBuildConfiguration;
			baseConfigurationReference = 556C96A317ECC2CF001262B2 /* Mac-Framework.xcconfig */;
			buildSettings = {
				COMBINE_HIDPI_IMAGES = YES;
				DYLIB_COMPATIBILITY_VERSION = 1;
				DYLIB_CURRENT_VERSION = 1;
				FRAMEWORK_VERSION = A;
				INFOPLIST_FILE = "LabRAC/LabRAC-Info.plist";
				PRODUCT_NAME = LabRAC;
				WRAPPER_EXTENSION = framework;
			};
			name = Debug;
		};
		556C964017ECB77C001262B2 /* Release */ = {
			isa = XCBuildConfiguration;
			baseConfigurationReference = 556C96A317ECC2CF001262B2 /* Mac-Framework.xcconfig */;
			buildSettings = {
				COMBINE_HIDPI_IMAGES = YES;
				DYLIB_COMPATIBILITY_VERSION = 1;
				DYLIB_CURRENT_VERSION = 1;
				FRAMEWORK_VERSION = A;
				INFOPLIST_FILE = "LabRAC/LabRAC-Info.plist";
				PRODUCT_NAME = LabRAC;
				WRAPPER_EXTENSION = framework;
			};
			name = Release;
		};
		556C964217ECB77C001262B2 /* Debug */ = {
			isa = XCBuildConfiguration;
			baseConfigurationReference = 556C96A017ECC2CF001262B2 /* Mac-Application.xcconfig */;
			buildSettings = {
				COMBINE_HIDPI_IMAGES = YES;
				FRAMEWORK_SEARCH_PATHS = "\"$(DEVELOPER_LIBRARY_DIR)/Frameworks\"";
				HEADER_SEARCH_PATHS = (
					"\"$(PROJECT_DIR)/External/ReactiveCocoa/external/specta/src\"",
					"\"$(PROJECT_DIR)/External/ReactiveCocoa/external/expecta/src\"/**",
				);
				INFOPLIST_FILE = "LabRACTests/LabRACTests-Info.plist";
				OTHER_LDFLAGS = "-ObjC";
				PRODUCT_NAME = "LabRAC Mac Tests";
				WRAPPER_EXTENSION = octest;
			};
			name = Debug;
		};
		556C964317ECB77C001262B2 /* Release */ = {
			isa = XCBuildConfiguration;
			baseConfigurationReference = 556C969917ECC2CF001262B2 /* Application.xcconfig */;
			buildSettings = {
				COMBINE_HIDPI_IMAGES = YES;
				FRAMEWORK_SEARCH_PATHS = "\"$(DEVELOPER_LIBRARY_DIR)/Frameworks\"";
				HEADER_SEARCH_PATHS = (
					"\"$(PROJECT_DIR)/External/ReactiveCocoa/external/specta/src\"",
					"\"$(PROJECT_DIR)/External/ReactiveCocoa/external/expecta/src\"/**",
				);
				INFOPLIST_FILE = "LabRACTests/LabRACTests-Info.plist";
				OTHER_LDFLAGS = "-ObjC";
				PRODUCT_NAME = "LabRAC Mac Tests";
				WRAPPER_EXTENSION = octest;
			};
			name = Release;
		};
		556C96A617ECC383001262B2 /* Test */ = {
			isa = XCBuildConfiguration;
			baseConfigurationReference = 556C969717ECC2CF001262B2 /* Test.xcconfig */;
			buildSettings = {
				ALWAYS_SEARCH_USER_PATHS = NO;
				ARCHS = "$(ARCHS_STANDARD_64_BIT)";
				CLANG_CXX_LANGUAGE_STANDARD = "gnu++0x";
				CLANG_CXX_LIBRARY = "libc++";
				CLANG_ENABLE_OBJC_ARC = YES;
				CLANG_WARN_CONSTANT_CONVERSION = YES;
				CLANG_WARN_EMPTY_BODY = YES;
				CLANG_WARN_ENUM_CONVERSION = YES;
				CLANG_WARN_INT_CONVERSION = YES;
				CLANG_WARN__DUPLICATE_METHOD_MATCH = YES;
				COPY_PHASE_STRIP = NO;
				GCC_C_LANGUAGE_STANDARD = gnu99;
				GCC_DYNAMIC_NO_PIC = NO;
				GCC_ENABLE_OBJC_EXCEPTIONS = YES;
				GCC_OPTIMIZATION_LEVEL = 0;
				GCC_PREFIX_HEADER = "LabRAC/LabRAC-Prefix.pch";
				GCC_PREPROCESSOR_DEFINITIONS = (
					"DEBUG=1",
					"$(inherited)",
				);
				GCC_SYMBOLS_PRIVATE_EXTERN = NO;
				GCC_WARN_64_TO_32_BIT_CONVERSION = YES;
				GCC_WARN_ABOUT_RETURN_TYPE = YES;
				GCC_WARN_UNINITIALIZED_AUTOS = YES;
				GCC_WARN_UNUSED_VARIABLE = YES;
				IPHONEOS_DEPLOYMENT_TARGET = 5.0;
				MACOSX_DEPLOYMENT_TARGET = 10.7;
				ONLY_ACTIVE_ARCH = YES;
				SDKROOT = macosx;
			};
			name = Test;
		};
		556C96A717ECC383001262B2 /* Test */ = {
			isa = XCBuildConfiguration;
			baseConfigurationReference = 556C96A317ECC2CF001262B2 /* Mac-Framework.xcconfig */;
			buildSettings = {
				COMBINE_HIDPI_IMAGES = YES;
				DYLIB_COMPATIBILITY_VERSION = 1;
				DYLIB_CURRENT_VERSION = 1;
				FRAMEWORK_VERSION = A;
				INFOPLIST_FILE = "LabRAC/LabRAC-Info.plist";
				PRODUCT_NAME = LabRAC;
				WRAPPER_EXTENSION = framework;
			};
			name = Test;
		};
		556C96A817ECC383001262B2 /* Test */ = {
			isa = XCBuildConfiguration;
			baseConfigurationReference = 556C96A017ECC2CF001262B2 /* Mac-Application.xcconfig */;
			buildSettings = {
				COMBINE_HIDPI_IMAGES = YES;
				FRAMEWORK_SEARCH_PATHS = "\"$(DEVELOPER_LIBRARY_DIR)/Frameworks\"";
				HEADER_SEARCH_PATHS = (
					"\"$(PROJECT_DIR)/External/ReactiveCocoa/external/specta/src\"",
					"\"$(PROJECT_DIR)/External/ReactiveCocoa/external/expecta/src\"/**",
				);
				INFOPLIST_FILE = "LabRACTests/LabRACTests-Info.plist";
				OTHER_LDFLAGS = "-ObjC";
				PRODUCT_NAME = "LabRAC Mac Tests";
				WRAPPER_EXTENSION = octest;
			};
			name = Test;
		};
		556C96A917ECC3BD001262B2 /* Profile */ = {
			isa = XCBuildConfiguration;
			baseConfigurationReference = 556C969517ECC2CF001262B2 /* Profile.xcconfig */;
			buildSettings = {
				ALWAYS_SEARCH_USER_PATHS = NO;
				ARCHS = "$(ARCHS_STANDARD_64_BIT)";
				CLANG_CXX_LANGUAGE_STANDARD = "gnu++0x";
				CLANG_CXX_LIBRARY = "libc++";
				CLANG_ENABLE_OBJC_ARC = YES;
				CLANG_WARN_CONSTANT_CONVERSION = YES;
				CLANG_WARN_EMPTY_BODY = YES;
				CLANG_WARN_ENUM_CONVERSION = YES;
				CLANG_WARN_INT_CONVERSION = YES;
				CLANG_WARN__DUPLICATE_METHOD_MATCH = YES;
				COPY_PHASE_STRIP = NO;
				GCC_C_LANGUAGE_STANDARD = gnu99;
				GCC_DYNAMIC_NO_PIC = NO;
				GCC_ENABLE_OBJC_EXCEPTIONS = YES;
				GCC_OPTIMIZATION_LEVEL = 0;
				GCC_PREFIX_HEADER = "LabRAC/LabRAC-Prefix.pch";
				GCC_PREPROCESSOR_DEFINITIONS = (
					"DEBUG=1",
					"$(inherited)",
				);
				GCC_SYMBOLS_PRIVATE_EXTERN = NO;
				GCC_WARN_64_TO_32_BIT_CONVERSION = YES;
				GCC_WARN_ABOUT_RETURN_TYPE = YES;
				GCC_WARN_UNINITIALIZED_AUTOS = YES;
				GCC_WARN_UNUSED_VARIABLE = YES;
				IPHONEOS_DEPLOYMENT_TARGET = 5.0;
				MACOSX_DEPLOYMENT_TARGET = 10.7;
				ONLY_ACTIVE_ARCH = YES;
				SDKROOT = macosx;
			};
			name = Profile;
		};
		556C96AA17ECC3BD001262B2 /* Profile */ = {
			isa = XCBuildConfiguration;
			baseConfigurationReference = 556C96A317ECC2CF001262B2 /* Mac-Framework.xcconfig */;
			buildSettings = {
				COMBINE_HIDPI_IMAGES = YES;
				DYLIB_COMPATIBILITY_VERSION = 1;
				DYLIB_CURRENT_VERSION = 1;
				FRAMEWORK_VERSION = A;
				INFOPLIST_FILE = "LabRAC/LabRAC-Info.plist";
				PRODUCT_NAME = LabRAC;
				WRAPPER_EXTENSION = framework;
			};
			name = Profile;
		};
		556C96AB17ECC3BD001262B2 /* Profile */ = {
			isa = XCBuildConfiguration;
			baseConfigurationReference = 556C96A017ECC2CF001262B2 /* Mac-Application.xcconfig */;
			buildSettings = {
				COMBINE_HIDPI_IMAGES = YES;
				FRAMEWORK_SEARCH_PATHS = "\"$(DEVELOPER_LIBRARY_DIR)/Frameworks\"";
				HEADER_SEARCH_PATHS = (
					"\"$(PROJECT_DIR)/External/ReactiveCocoa/external/specta/src\"",
					"\"$(PROJECT_DIR)/External/ReactiveCocoa/external/expecta/src\"/**",
				);
				INFOPLIST_FILE = "LabRACTests/LabRACTests-Info.plist";
				OTHER_LDFLAGS = "-ObjC";
				PRODUCT_NAME = "LabRAC Mac Tests";
				WRAPPER_EXTENSION = octest;
			};
			name = Profile;
		};
		556C96FE17ECDD42001262B2 /* Debug */ = {
			isa = XCBuildConfiguration;
			baseConfigurationReference = 556C969E17ECC2CF001262B2 /* iOS-StaticLibrary.xcconfig */;
			buildSettings = {
				DSTROOT = /tmp/LabRAC_iOS.dst;
				PRODUCT_NAME = "LabRAC-iOS";
				PUBLIC_HEADERS_FOLDER_PATH = include/LabRAC;
				SDKROOT = iphoneos;
				SKIP_INSTALL = YES;
			};
			name = Debug;
		};
		556C96FF17ECDD42001262B2 /* Test */ = {
			isa = XCBuildConfiguration;
			baseConfigurationReference = 556C969E17ECC2CF001262B2 /* iOS-StaticLibrary.xcconfig */;
			buildSettings = {
				DSTROOT = /tmp/LabRAC_iOS.dst;
				PRODUCT_NAME = "LabRAC-iOS";
				PUBLIC_HEADERS_FOLDER_PATH = include/LabRAC;
				SDKROOT = iphoneos;
				SKIP_INSTALL = YES;
				VALIDATE_PRODUCT = YES;
			};
			name = Test;
		};
		556C970017ECDD42001262B2 /* Profile */ = {
			isa = XCBuildConfiguration;
			baseConfigurationReference = 556C969E17ECC2CF001262B2 /* iOS-StaticLibrary.xcconfig */;
			buildSettings = {
				DSTROOT = /tmp/LabRAC_iOS.dst;
				PRODUCT_NAME = "LabRAC-iOS";
				PUBLIC_HEADERS_FOLDER_PATH = include/LabRAC;
				SDKROOT = iphoneos;
				SKIP_INSTALL = YES;
				VALIDATE_PRODUCT = YES;
			};
			name = Profile;
		};
		556C970117ECDD42001262B2 /* Release */ = {
			isa = XCBuildConfiguration;
			baseConfigurationReference = 556C969E17ECC2CF001262B2 /* iOS-StaticLibrary.xcconfig */;
			buildSettings = {
				DSTROOT = /tmp/LabRAC_iOS.dst;
				PRODUCT_NAME = "LabRAC-iOS";
				PUBLIC_HEADERS_FOLDER_PATH = include/LabRAC;
				SDKROOT = iphoneos;
				SKIP_INSTALL = YES;
				VALIDATE_PRODUCT = YES;
			};
			name = Release;
		};
		556C970317ECDD42001262B2 /* Debug */ = {
			isa = XCBuildConfiguration;
			baseConfigurationReference = 556C969C17ECC2CF001262B2 /* iOS-Application.xcconfig */;
			buildSettings = {
				FRAMEWORK_SEARCH_PATHS = (
					"\"$(SDKROOT)/Developer/Library/Frameworks\"",
					"\"$(DEVELOPER_LIBRARY_DIR)/Frameworks\"",
				);
				HEADER_SEARCH_PATHS = (
					"$(OBJROOT)/UninstalledProducts/include",
					"\"$(PROJECT_DIR)/External/ReactiveCocoa/external/specta/src\"",
					"\"$(PROJECT_DIR)/External/ReactiveCocoa/external/expecta/src\"/**",
				);
				INFOPLIST_FILE = "LabRACTests/LabRACTests-Info.plist";
				OTHER_LDFLAGS = "-ObjC";
				PRODUCT_NAME = "LabRAC iOS Tests";
				SDKROOT = iphoneos;
				WRAPPER_EXTENSION = octest;
			};
			name = Debug;
		};
		556C970417ECDD42001262B2 /* Test */ = {
			isa = XCBuildConfiguration;
			baseConfigurationReference = 556C969C17ECC2CF001262B2 /* iOS-Application.xcconfig */;
			buildSettings = {
				FRAMEWORK_SEARCH_PATHS = (
					"\"$(SDKROOT)/Developer/Library/Frameworks\"",
					"\"$(DEVELOPER_LIBRARY_DIR)/Frameworks\"",
				);
				HEADER_SEARCH_PATHS = (
					"$(OBJROOT)/UninstalledProducts/include",
					"\"$(PROJECT_DIR)/External/ReactiveCocoa/external/specta/src\"",
					"\"$(PROJECT_DIR)/External/ReactiveCocoa/external/expecta/src\"/**",
				);
				INFOPLIST_FILE = "LabRACTests/LabRACTests-Info.plist";
				OTHER_LDFLAGS = "-ObjC";
				PRODUCT_NAME = "LabRAC iOS Tests";
				SDKROOT = iphoneos;
				VALIDATE_PRODUCT = YES;
				WRAPPER_EXTENSION = octest;
			};
			name = Test;
		};
		556C970517ECDD42001262B2 /* Profile */ = {
			isa = XCBuildConfiguration;
			baseConfigurationReference = 556C969C17ECC2CF001262B2 /* iOS-Application.xcconfig */;
			buildSettings = {
				FRAMEWORK_SEARCH_PATHS = (
					"\"$(SDKROOT)/Developer/Library/Frameworks\"",
					"\"$(DEVELOPER_LIBRARY_DIR)/Frameworks\"",
				);
				HEADER_SEARCH_PATHS = (
					"$(OBJROOT)/UninstalledProducts/include",
					"\"$(PROJECT_DIR)/External/ReactiveCocoa/external/specta/src\"",
					"\"$(PROJECT_DIR)/External/ReactiveCocoa/external/expecta/src\"/**",
				);
				INFOPLIST_FILE = "LabRACTests/LabRACTests-Info.plist";
				OTHER_LDFLAGS = "-ObjC";
				PRODUCT_NAME = "LabRAC iOS Tests";
				SDKROOT = iphoneos;
				VALIDATE_PRODUCT = YES;
				WRAPPER_EXTENSION = octest;
			};
			name = Profile;
		};
		556C970617ECDD42001262B2 /* Release */ = {
			isa = XCBuildConfiguration;
			baseConfigurationReference = 556C969C17ECC2CF001262B2 /* iOS-Application.xcconfig */;
			buildSettings = {
				FRAMEWORK_SEARCH_PATHS = (
					"\"$(SDKROOT)/Developer/Library/Frameworks\"",
					"\"$(DEVELOPER_LIBRARY_DIR)/Frameworks\"",
				);
				HEADER_SEARCH_PATHS = (
					"$(OBJROOT)/UninstalledProducts/include",
					"\"$(PROJECT_DIR)/External/ReactiveCocoa/external/specta/src\"",
					"\"$(PROJECT_DIR)/External/ReactiveCocoa/external/expecta/src\"/**",
				);
				INFOPLIST_FILE = "LabRACTests/LabRACTests-Info.plist";
				OTHER_LDFLAGS = "-ObjC";
				PRODUCT_NAME = "LabRAC iOS Tests";
				SDKROOT = iphoneos;
				VALIDATE_PRODUCT = YES;
				WRAPPER_EXTENSION = octest;
			};
			name = Release;
		};
/* End XCBuildConfiguration section */

/* Begin XCConfigurationList section */
		556C960E17ECB77C001262B2 /* Build configuration list for PBXProject "LabRAC" */ = {
			isa = XCConfigurationList;
			buildConfigurations = (
				556C963C17ECB77C001262B2 /* Debug */,
				556C96A617ECC383001262B2 /* Test */,
				556C96A917ECC3BD001262B2 /* Profile */,
				556C963D17ECB77C001262B2 /* Release */,
			);
			defaultConfigurationIsVisible = 0;
			defaultConfigurationName = Release;
		};
		556C963E17ECB77C001262B2 /* Build configuration list for PBXNativeTarget "LabRAC Mac" */ = {
			isa = XCConfigurationList;
			buildConfigurations = (
				556C963F17ECB77C001262B2 /* Debug */,
				556C96A717ECC383001262B2 /* Test */,
				556C96AA17ECC3BD001262B2 /* Profile */,
				556C964017ECB77C001262B2 /* Release */,
			);
			defaultConfigurationIsVisible = 0;
			defaultConfigurationName = Release;
		};
		556C964117ECB77C001262B2 /* Build configuration list for PBXNativeTarget "LabRAC Mac Tests" */ = {
			isa = XCConfigurationList;
			buildConfigurations = (
				556C964217ECB77C001262B2 /* Debug */,
				556C96A817ECC383001262B2 /* Test */,
				556C96AB17ECC3BD001262B2 /* Profile */,
				556C964317ECB77C001262B2 /* Release */,
			);
			defaultConfigurationIsVisible = 0;
			defaultConfigurationName = Release;
		};
		556C96FD17ECDD42001262B2 /* Build configuration list for PBXNativeTarget "LabRAC iOS" */ = {
			isa = XCConfigurationList;
			buildConfigurations = (
				556C96FE17ECDD42001262B2 /* Debug */,
				556C96FF17ECDD42001262B2 /* Test */,
				556C970017ECDD42001262B2 /* Profile */,
				556C970117ECDD42001262B2 /* Release */,
			);
			defaultConfigurationIsVisible = 0;
			defaultConfigurationName = Release;
		};
		556C970217ECDD42001262B2 /* Build configuration list for PBXNativeTarget "LabRAC iOS Tests" */ = {
			isa = XCConfigurationList;
			buildConfigurations = (
				556C970317ECDD42001262B2 /* Debug */,
				556C970417ECDD42001262B2 /* Test */,
				556C970517ECDD42001262B2 /* Profile */,
				556C970617ECDD42001262B2 /* Release */,
			);
			defaultConfigurationIsVisible = 0;
			defaultConfigurationName = Release;
		};
/* End XCConfigurationList section */
	};
	rootObject = 556C960B17ECB77C001262B2 /* Project object */;
}
